
Microsoft Visual Studio Solution File, Format Version 12.00
# Visual Studio Version 17
VisualStudioVersion = 17.4.33213.308
MinimumVisualStudioVersion = 10.0.40219.1
Project("{FAE04EC0-301F-11D3-BF4B-00C04F79EFBC}") = "Task64", "Task64\Task64.csproj", "{7E961B33-1D2A-4CD2-9EF0-71485716663D}"
EndProject
Global
	GlobalSection(SolutionConfigurationPlatforms) = preSolution
		Debug|Any CPU = Debug|Any CPU
		Release|Any CPU = Release|Any CPU
	EndGlobalSection
	GlobalSection(ProjectConfigurationPlatforms) = postSolution
		{7E961B33-1D2A-4CD2-9EF0-71485716663D}.Debug|Any CPU.ActiveCfg = Debug|Any CPU
		{7E961B33-1D2A-4CD2-9EF0-71485716663D}.Debug|Any CPU.Build.0 = Debug|Any CPU
		{7E961B33-1D2A-4CD2-9EF0-71485716663D}.Release|Any CPU.ActiveCfg = Release|Any CPU
		{7E961B33-1D2A-4CD2-9EF0-71485716663D}.Release|Any CPU.Build.0 = Release|Any CPU
	EndGlobalSection
	GlobalSection(SolutionProperties) = preSolution
		HideSolutionNode = FALSE
	EndGlobalSection
	GlobalSection(ExtensibilityGlobals) = postSolution
		SolutionGuid = {46B2D545-A2E5-4170-9CBE-4341657C72EE}
	EndGlobalSection
EndGlobal
